
Microsoft Visual Studio Solution File, Format Version 12.00
# Visual Studio Version 17
VisualStudioVersion = 17.8.34330.188
MinimumVisualStudioVersion = 10.0.40219.1
Project("{FAE04EC0-301F-11D3-BF4B-00C04F79EFBC}") = "ContourDetection", "ContourDetection\ContourDetection.csproj", "{A9BFBDAC-171C-45D4-99CD-B610E75341D1}"
EndProject
Global
	GlobalSection(SolutionConfigurationPlatforms) = preSolution
		Debug|Any CPU = Debug|Any CPU
		Release|Any CPU = Release|Any CPU
	EndGlobalSection
	GlobalSection(ProjectConfigurationPlatforms) = postSolution
		{A9BFBDAC-171C-45D4-99CD-B610E75341D1}.Debug|Any CPU.ActiveCfg = Debug|Any CPU
		{A9BFBDAC-171C-45D4-99CD-B610E75341D1}.Debug|Any CPU.Build.0 = Debug|Any CPU
		{A9BFBDAC-171C-45D4-99CD-B610E75341D1}.Release|Any CPU.ActiveCfg = Release|Any CPU
		{A9BFBDAC-171C-45D4-99CD-B610E75341D1}.Release|Any CPU.Build.0 = Release|Any CPU
	EndGlobalSection
	GlobalSection(SolutionProperties) = preSolution
		HideSolutionNode = FALSE
	EndGlobalSection
	GlobalSection(ExtensibilityGlobals) = postSolution
		SolutionGuid = {A9A4D9FA-14A9-4241-8D5D-7F561C30F9A2}
	EndGlobalSection
EndGlobal
